// !$*UTF8*$!
{
	archiveVersion = 1;
	classes = {
	};
	objectVersion = 46;
	objects = {

/* Begin PBXBuildFile section */
		7CDE5B491B579D2800FE0477 /* main.m in Sources */ = {isa = PBXBuildFile; fileRef = 7CDE5B481B579D2800FE0477 /* main.m */; };
		7CDE5B4C1B579D2800FE0477 /* AppDelegate.m in Sources */ = {isa = PBXBuildFile; fileRef = 7CDE5B4B1B579D2800FE0477 /* AppDelegate.m */; };
		7CDE5B4F1B579D2800FE0477 /* ViewController.m in Sources */ = {isa = PBXBuildFile; fileRef = 7CDE5B4E1B579D2800FE0477 /* ViewController.m */; };
		7CDE5B521B579D2800FE0477 /* Main.storyboard in Resources */ = {isa = PBXBuildFile; fileRef = 7CDE5B501B579D2800FE0477 /* Main.storyboard */; };
		7CDE5B541B579D2800FE0477 /* Assets.xcassets in Resources */ = {isa = PBXBuildFile; fileRef = 7CDE5B531B579D2800FE0477 /* Assets.xcassets */; };
		7CDE5B571B579D2800FE0477 /* LaunchScreen.storyboard in Resources */ = {isa = PBXBuildFile; fileRef = 7CDE5B551B579D2800FE0477 /* LaunchScreen.storyboard */; };
		7CDE5B621B579D2800FE0477 /* SUActionSheetTests.m in Sources */ = {isa = PBXBuildFile; fileRef = 7CDE5B611B579D2800FE0477 /* SUActionSheetTests.m */; };
		7CDE5B6D1B579D2800FE0477 /* SUActionSheetUITests.m in Sources */ = {isa = PBXBuildFile; fileRef = 7CDE5B6C1B579D2800FE0477 /* SUActionSheetUITests.m */; };
		7CDE5B7D1B579D9600FE0477 /* SUActionSheet.m in Sources */ = {isa = PBXBuildFile; fileRef = 7CDE5B7C1B579D9600FE0477 /* SUActionSheet.m */; };
/* End PBXBuildFile section */

/* Begin PBXContainerItemProxy section */
		7CDE5B5E1B579D2800FE0477 /* PBXContainerItemProxy */ = {
			isa = PBXContainerItemProxy;
			containerPortal = 7CDE5B3C1B579D2800FE0477 /* Project object */;
			proxyType = 1;
			remoteGlobalIDString = 7CDE5B431B579D2800FE0477;
			remoteInfo = SUActionSheet;
		};
		7CDE5B691B579D2800FE0477 /* PBXContainerItemProxy */ = {
			isa = PBXContainerItemProxy;
			containerPortal = 7CDE5B3C1B579D2800FE0477 /* Project object */;
			proxyType = 1;
			remoteGlobalIDString = 7CDE5B431B579D2800FE0477;
			remoteInfo = SUActionSheet;
		};
/* End PBXContainerItemProxy section */

/* Begin PBXFileReference section */
		7CDE5B441B579D2800FE0477 /* SUActionSheet.app */ = {isa = PBXFileReference; explicitFileType = wrapper.application; includeInIndex = 0; path = SUActionSheet.app; sourceTree = BUILT_PRODUCTS_DIR; };
		7CDE5B481B579D2800FE0477 /* main.m */ = {isa = PBXFileReference; lastKnownFileType = sourcecode.c.objc; path = main.m; sourceTree = "<group>"; };
		7CDE5B4A1B579D2800FE0477 /* AppDelegate.h */ = {isa = PBXFileReference; lastKnownFileType = sourcecode.c.h; path = AppDelegate.h; sourceTree = "<group>"; };
		7CDE5B4B1B579D2800FE0477 /* AppDelegate.m */ = {isa = PBXFileReference; lastKnownFileType = sourcecode.c.objc; path = AppDelegate.m; sourceTree = "<group>"; };
		7CDE5B4D1B579D2800FE0477 /* ViewController.h */ = {isa = PBXFileReference; lastKnownFileType = sourcecode.c.h; path = ViewController.h; sourceTree = "<group>"; };
		7CDE5B4E1B579D2800FE0477 /* ViewController.m */ = {isa = PBXFileReference; lastKnownFileType = sourcecode.c.objc; path = ViewController.m; sourceTree = "<group>"; };
		7CDE5B511B579D2800FE0477 /* Base */ = {isa = PBXFileReference; lastKnownFileType = file.storyboard; name = Base; path = Base.lproj/Main.storyboard; sourceTree = "<group>"; };
		7CDE5B531B579D2800FE0477 /* Assets.xcassets */ = {isa = PBXFileReference; lastKnownFileType = folder.assetcatalog; path = Assets.xcassets; sourceTree = "<group>"; };
		7CDE5B561B579D2800FE0477 /* Base */ = {isa = PBXFileReference; lastKnownFileType = file.storyboard; name = Base; path = Base.lproj/LaunchScreen.storyboard; sourceTree = "<group>"; };
		7CDE5B581B579D2800FE0477 /* Info.plist */ = {isa = PBXFileReference; lastKnownFileType = text.plist.xml; path = Info.plist; sourceTree = "<group>"; };
		7CDE5B5D1B579D2800FE0477 /* SUActionSheetTests.xctest */ = {isa = PBXFileReference; explicitFileType = wrapper.cfbundle; includeInIndex = 0; path = SUActionSheetTests.xctest; sourceTree = BUILT_PRODUCTS_DIR; };
		7CDE5B611B579D2800FE0477 /* SUActionSheetTests.m */ = {isa = PBXFileReference; lastKnownFileType = sourcecode.c.objc; path = SUActionSheetTests.m; sourceTree = "<group>"; };
		7CDE5B631B579D2800FE0477 /* Info.plist */ = {isa = PBXFileReference; lastKnownFileType = text.plist.xml; path = Info.plist; sourceTree = "<group>"; };
		7CDE5B681B579D2800FE0477 /* SUActionSheetUITests.xctest */ = {isa = PBXFileReference; explicitFileType = wrapper.cfbundle; includeInIndex = 0; path = SUActionSheetUITests.xctest; sourceTree = BUILT_PRODUCTS_DIR; };
		7CDE5B6C1B579D2800FE0477 /* SUActionSheetUITests.m */ = {isa = PBXFileReference; lastKnownFileType = sourcecode.c.objc; path = SUActionSheetUITests.m; sourceTree = "<group>"; };
		7CDE5B6E1B579D2800FE0477 /* Info.plist */ = {isa = PBXFileReference; lastKnownFileType = text.plist.xml; path = Info.plist; sourceTree = "<group>"; };
		7CDE5B7B1B579D9600FE0477 /* SUActionSheet.h */ = {isa = PBXFileReference; fileEncoding = 4; lastKnownFileType = sourcecode.c.h; path = SUActionSheet.h; sourceTree = "<group>"; };
		7CDE5B7C1B579D9600FE0477 /* SUActionSheet.m */ = {isa = PBXFileReference; fileEncoding = 4; lastKnownFileType = sourcecode.c.objc; path = SUActionSheet.m; sourceTree = "<group>"; };
/* End PBXFileReference section */

/* Begin PBXFrameworksBuildPhase section */
		7CDE5B411B579D2800FE0477 /* Frameworks */ = {
			isa = PBXFrameworksBuildPhase;
			buildActionMask = 2147483647;
			files = (
			);
			runOnlyForDeploymentPostprocessing = 0;
		};
		7CDE5B5A1B579D2800FE0477 /* Frameworks */ = {
			isa = PBXFrameworksBuildPhase;
			buildActionMask = 2147483647;
			files = (
			);
			runOnlyForDeploymentPostprocessing = 0;
		};
		7CDE5B651B579D2800FE0477 /* Frameworks */ = {
			isa = PBXFrameworksBuildPhase;
			buildActionMask = 2147483647;
			files = (
			);
			runOnlyForDeploymentPostprocessing = 0;
		};
/* End PBXFrameworksBuildPhase section */

/* Begin PBXGroup section */
		7CDE5B3B1B579D2800FE0477 = {
			isa = PBXGroup;
			children = (
				7CDE5B7A1B579D8300FE0477 /* CustomActionSheet */,
				7CDE5B461B579D2800FE0477 /* SUActionSheet */,
				7CDE5B601B579D2800FE0477 /* SUActionSheetTests */,
				7CDE5B6B1B579D2800FE0477 /* SUActionSheetUITests */,
				7CDE5B451B579D2800FE0477 /* Products */,
			);
			sourceTree = "<group>";
		};
		7CDE5B451B579D2800FE0477 /* Products */ = {
			isa = PBXGroup;
			children = (
				7CDE5B441B579D2800FE0477 /* SUActionSheet.app */,
				7CDE5B5D1B579D2800FE0477 /* SUActionSheetTests.xctest */,
				7CDE5B681B579D2800FE0477 /* SUActionSheetUITests.xctest */,
			);
			name = Products;
			sourceTree = "<group>";
		};
		7CDE5B461B579D2800FE0477 /* SUActionSheet */ = {
			isa = PBXGroup;
			children = (
				7CDE5B4A1B579D2800FE0477 /* AppDelegate.h */,
				7CDE5B4B1B579D2800FE0477 /* AppDelegate.m */,
				7CDE5B4D1B579D2800FE0477 /* ViewController.h */,
				7CDE5B4E1B579D2800FE0477 /* ViewController.m */,
				7CDE5B501B579D2800FE0477 /* Main.storyboard */,
				7CDE5B531B579D2800FE0477 /* Assets.xcassets */,
				7CDE5B551B579D2800FE0477 /* LaunchScreen.storyboard */,
				7CDE5B581B579D2800FE0477 /* Info.plist */,
				7CDE5B471B579D2800FE0477 /* Supporting Files */,
			);
			path = SUActionSheet;
			sourceTree = "<group>";
		};
		7CDE5B471B579D2800FE0477 /* Supporting Files */ = {
			isa = PBXGroup;
			children = (
				7CDE5B481B579D2800FE0477 /* main.m */,
			);
			name = "Supporting Files";
			sourceTree = "<group>";
		};
		7CDE5B601B579D2800FE0477 /* SUActionSheetTests */ = {
			isa = PBXGroup;
			children = (
				7CDE5B611B579D2800FE0477 /* SUActionSheetTests.m */,
				7CDE5B631B579D2800FE0477 /* Info.plist */,
			);
			path = SUActionSheetTests;
			sourceTree = "<group>";
		};
		7CDE5B6B1B579D2800FE0477 /* SUActionSheetUITests */ = {
			isa = PBXGroup;
			children = (
				7CDE5B6C1B579D2800FE0477 /* SUActionSheetUITests.m */,
				7CDE5B6E1B579D2800FE0477 /* Info.plist */,
			);
			path = SUActionSheetUITests;
			sourceTree = "<group>";
		};
		7CDE5B7A1B579D8300FE0477 /* CustomActionSheet */ = {
			isa = PBXGroup;
			children = (
				7CDE5B7B1B579D9600FE0477 /* SUActionSheet.h */,
				7CDE5B7C1B579D9600FE0477 /* SUActionSheet.m */,
			);
			path = CustomActionSheet;
			sourceTree = "<group>";
		};
/* End PBXGroup section */

/* Begin PBXNativeTarget section */
		7CDE5B431B579D2800FE0477 /* SUActionSheet */ = {
			isa = PBXNativeTarget;
			buildConfigurationList = 7CDE5B711B579D2800FE0477 /* Build configuration list for PBXNativeTarget "SUActionSheet" */;
			buildPhases = (
				7CDE5B401B579D2800FE0477 /* Sources */,
				7CDE5B411B579D2800FE0477 /* Frameworks */,
				7CDE5B421B579D2800FE0477 /* Resources */,
			);
			buildRules = (
			);
			dependencies = (
			);
			name = SUActionSheet;
			productName = SUActionSheet;
			productReference = 7CDE5B441B579D2800FE0477 /* SUActionSheet.app */;
			productType = "com.apple.product-type.application";
		};
		7CDE5B5C1B579D2800FE0477 /* SUActionSheetTests */ = {
			isa = PBXNativeTarget;
			buildConfigurationList = 7CDE5B741B579D2800FE0477 /* Build configuration list for PBXNativeTarget "SUActionSheetTests" */;
			buildPhases = (
				7CDE5B591B579D2800FE0477 /* Sources */,
				7CDE5B5A1B579D2800FE0477 /* Frameworks */,
				7CDE5B5B1B579D2800FE0477 /* Resources */,
			);
			buildRules = (
			);
			dependencies = (
				7CDE5B5F1B579D2800FE0477 /* PBXTargetDependency */,
			);
			name = SUActionSheetTests;
			productName = SUActionSheetTests;
			productReference = 7CDE5B5D1B579D2800FE0477 /* SUActionSheetTests.xctest */;
			productType = "com.apple.product-type.bundle.unit-test";
		};
		7CDE5B671B579D2800FE0477 /* SUActionSheetUITests */ = {
			isa = PBXNativeTarget;
			buildConfigurationList = 7CDE5B771B579D2800FE0477 /* Build configuration list for PBXNativeTarget "SUActionSheetUITests" */;
			buildPhases = (
				7CDE5B641B579D2800FE0477 /* Sources */,
				7CDE5B651B579D2800FE0477 /* Frameworks */,
				7CDE5B661B579D2800FE0477 /* Resources */,
			);
			buildRules = (
			);
			dependencies = (
				7CDE5B6A1B579D2800FE0477 /* PBXTargetDependency */,
			);
			name = SUActionSheetUITests;
			productName = SUActionSheetUITests;
			productReference = 7CDE5B681B579D2800FE0477 /* SUActionSheetUITests.xctest */;
			productType = "com.apple.product-type.bundle.ui-testing";
		};
/* End PBXNativeTarget section */

/* Begin PBXProject section */
		7CDE5B3C1B579D2800FE0477 /* Project object */ = {
			isa = PBXProject;
			attributes = {
				LastUpgradeCheck = 0700;
				ORGANIZATIONNAME = SuPan;
				TargetAttributes = {
					7CDE5B431B579D2800FE0477 = {
						CreatedOnToolsVersion = 7.0;
					};
					7CDE5B5C1B579D2800FE0477 = {
						CreatedOnToolsVersion = 7.0;
						TestTargetID = 7CDE5B431B579D2800FE0477;
					};
					7CDE5B671B579D2800FE0477 = {
						CreatedOnToolsVersion = 7.0;
						TestTargetID = 7CDE5B431B579D2800FE0477;
					};
				};
			};
			buildConfigurationList = 7CDE5B3F1B579D2800FE0477 /* Build configuration list for PBXProject "SUActionSheet" */;
			compatibilityVersion = "Xcode 3.2";
			developmentRegion = English;
			hasScannedForEncodings = 0;
			knownRegions = (
				en,
				Base,
			);
			mainGroup = 7CDE5B3B1B579D2800FE0477;
			productRefGroup = 7CDE5B451B579D2800FE0477 /* Products */;
			projectDirPath = "";
			projectRoot = "";
			targets = (
				7CDE5B431B579D2800FE0477 /* SUActionSheet */,
				7CDE5B5C1B579D2800FE0477 /* SUActionSheetTests */,
				7CDE5B671B579D2800FE0477 /* SUActionSheetUITests */,
			);
		};
/* End PBXProject section */

/* Begin PBXResourcesBuildPhase section */
		7CDE5B421B579D2800FE0477 /* Resources */ = {
			isa = PBXResourcesBuildPhase;
			buildActionMask = 2147483647;
			files = (
				7CDE5B571B579D2800FE0477 /* LaunchScreen.storyboard in Resources */,
				7CDE5B541B579D2800FE0477 /* Assets.xcassets in Resources */,
				7CDE5B521B579D2800FE0477 /* Main.storyboard in Resources */,
			);
			runOnlyForDeploymentPostprocessing = 0;
		};
		7CDE5B5B1B579D2800FE0477 /* Resources */ = {
			isa = PBXResourcesBuildPhase;
			buildActionMask = 2147483647;
			files = (
			);
			runOnlyForDeploymentPostprocessing = 0;
		};
		7CDE5B661B579D2800FE0477 /* Resources */ = {
			isa = PBXResourcesBuildPhase;
			buildActionMask = 2147483647;
			files = (
			);
			runOnlyForDeploymentPostprocessing = 0;
		};
/* End PBXResourcesBuildPhase section */

/* Begin PBXSourcesBuildPhase section */
		7CDE5B401B579D2800FE0477 /* Sources */ = {
			isa = PBXSourcesBuildPhase;
			buildActionMask = 2147483647;
			files = (
				7CDE5B4F1B579D2800FE0477 /* ViewController.m in Sources */,
				7CDE5B7D1B579D9600FE0477 /* SUActionSheet.m in Sources */,
				7CDE5B4C1B579D2800FE0477 /* AppDelegate.m in Sources */,
				7CDE5B491B579D2800FE0477 /* main.m in Sources */,
			);
			runOnlyForDeploymentPostprocessing = 0;
		};
		7CDE5B591B579D2800FE0477 /* Sources */ = {
			isa = PBXSourcesBuildPhase;
			buildActionMask = 2147483647;
			files = (
				7CDE5B621B579D2800FE0477 /* SUActionSheetTests.m in Sources */,
			);
			runOnlyForDeploymentPostprocessing = 0;
		};
		7CDE5B641B579D2800FE0477 /* Sources */ = {
			isa = PBXSourcesBuildPhase;
			buildActionMask = 2147483647;
			files = (
				7CDE5B6D1B579D2800FE0477 /* SUActionSheetUITests.m in Sources */,
			);
			runOnlyForDeploymentPostprocessing = 0;
		};
/* End PBXSourcesBuildPhase section */

/* Begin PBXTargetDependency section */
		7CDE5B5F1B579D2800FE0477 /* PBXTargetDependency */ = {
			isa = PBXTargetDependency;
			target = 7CDE5B431B579D2800FE0477 /* SUActionSheet */;
			targetProxy = 7CDE5B5E1B579D2800FE0477 /* PBXContainerItemProxy */;
		};
		7CDE5B6A1B579D2800FE0477 /* PBXTargetDependency */ = {
			isa = PBXTargetDependency;
			target = 7CDE5B431B579D2800FE0477 /* SUActionSheet */;
			targetProxy = 7CDE5B691B579D2800FE0477 /* PBXContainerItemProxy */;
		};
/* End PBXTargetDependency section */

/* Begin PBXVariantGroup section */
		7CDE5B501B579D2800FE0477 /* Main.storyboard */ = {
			isa = PBXVariantGroup;
			children = (
				7CDE5B511B579D2800FE0477 /* Base */,
			);
			name = Main.storyboard;
			sourceTree = "<group>";
		};
		7CDE5B551B579D2800FE0477 /* LaunchScreen.storyboard */ = {
			isa = PBXVariantGroup;
			children = (
				7CDE5B561B579D2800FE0477 /* Base */,
			);
			name = LaunchScreen.storyboard;
			sourceTree = "<group>";
		};
/* End PBXVariantGroup section */

/* Begin XCBuildConfiguration section */
		7CDE5B6F1B579D2800FE0477 /* Debug */ = {
			isa = XCBuildConfiguration;
			buildSettings = {
				ALWAYS_SEARCH_USER_PATHS = NO;
				CLANG_CXX_LANGUAGE_STANDARD = "gnu++0x";
				CLANG_CXX_LIBRARY = "libc++";
				CLANG_ENABLE_MODULES = YES;
				CLANG_ENABLE_OBJC_ARC = YES;
				CLANG_WARN_BOOL_CONVERSION = YES;
				CLANG_WARN_CONSTANT_CONVERSION = YES;
				CLANG_WARN_DIRECT_OBJC_ISA_USAGE = YES_ERROR;
				CLANG_WARN_EMPTY_BODY = YES;
				CLANG_WARN_ENUM_CONVERSION = YES;
				CLANG_WARN_INT_CONVERSION = YES;
				CLANG_WARN_OBJC_ROOT_CLASS = YES_ERROR;
				CLANG_WARN_UNREACHABLE_CODE = YES;
				CLANG_WARN__DUPLICATE_METHOD_MATCH = YES;
				"CODE_SIGN_IDENTITY[sdk=iphoneos*]" = "iPhone Developer";
				COPY_PHASE_STRIP = NO;
				DEBUG_INFORMATION_FORMAT = dwarf;
				ENABLE_STRICT_OBJC_MSGSEND = YES;
				ENABLE_TESTABILITY = YES;
				GCC_C_LANGUAGE_STANDARD = gnu99;
				GCC_DYNAMIC_NO_PIC = NO;
				GCC_NO_COMMON_BLOCKS = YES;
				GCC_OPTIMIZATION_LEVEL = 0;
				GCC_PREPROCESSOR_DEFINITIONS = (
					"DEBUG=1",
					"$(inherited)",
				);
				GCC_WARN_64_TO_32_BIT_CONVERSION = YES;
				GCC_WARN_ABOUT_RETURN_TYPE = YES_ERROR;
				GCC_WARN_UNDECLARED_SELECTOR = YES;
				GCC_WARN_UNINITIALIZED_AUTOS = YES_AGGRESSIVE;
				GCC_WARN_UNUSED_FUNCTION = YES;
				GCC_WARN_UNUSED_VARIABLE = YES;
				IPHONEOS_DEPLOYMENT_TARGET = 9.0;
				MTL_ENABLE_DEBUG_INFO = YES;
				ONLY_ACTIVE_ARCH = YES;
				SDKROOT = iphoneos;
			};
			name = Debug;
		};
		7CDE5B701B579D2800FE0477 /* Release */ = {
			isa = XCBuildConfiguration;
			buildSettings = {
				ALWAYS_SEARCH_USER_PATHS = NO;
				CLANG_CXX_LANGUAGE_STANDARD = "gnu++0x";
				CLANG_CXX_LIBRARY = "libc++";
				CLANG_ENABLE_MODULES = YES;
				CLANG_ENABLE_OBJC_ARC = YES;
				CLANG_WARN_BOOL_CONVERSION = YES;
				CLANG_WARN_CONSTANT_CONVERSION = YES;
				CLANG_WARN_DIRECT_OBJC_ISA_USAGE = YES_ERROR;
				CLANG_WARN_EMPTY_BODY = YES;
				CLANG_WARN_ENUM_CONVERSION = YES;
				CLANG_WARN_INT_CONVERSION = YES;
				CLANG_WARN_OBJC_ROOT_CLASS = YES_ERROR;
				CLANG_WARN_UNREACHABLE_CODE = YES;
				CLANG_WARN__DUPLICATE_METHOD_MATCH = YES;
				"CODE_SIGN_IDENTITY[sdk=iphoneos*]" = "iPhone Developer";
				COPY_PHASE_STRIP = NO;
				DEBUG_INFORMATION_FORMAT = "dwarf-with-dsym";
				ENABLE_NS_ASSERTIONS = NO;
				ENABLE_STRICT_OBJC_MSGSEND = YES;
				GCC_C_LANGUAGE_STANDARD = gnu99;
				GCC_NO_COMMON_BLOCKS = YES;
				GCC_WARN_64_TO_32_BIT_CONVERSION = YES;
				GCC_WARN_ABOUT_RETURN_TYPE = YES_ERROR;
				GCC_WARN_UNDECLARED_SELECTOR = YES;
				GCC_WARN_UNINITIALIZED_AUTOS = YES_AGGRESSIVE;
				GCC_WARN_UNUSED_FUNCTION = YES;
				GCC_WARN_UNUSED_VARIABLE = YES;
				IPHONEOS_DEPLOYMENT_TARGET = 9.0;
				MTL_ENABLE_DEBUG_INFO = NO;
				SDKROOT = iphoneos;
				VALIDATE_PRODUCT = YES;
			};
			name = Release;
		};
		7CDE5B721B579D2800FE0477 /* Debug */ = {
			isa = XCBuildConfiguration;
			buildSettings = {
				ASSETCATALOG_COMPILER_APPICON_NAME = AppIcon;
				INFOPLIST_FILE = SUActionSheet/Info.plist;
				LD_RUNPATH_SEARCH_PATHS = "$(inherited) @executable_path/Frameworks";
				PRODUCT_BUNDLE_IDENTIFIER = com.supan.SUActionSheet;
				PRODUCT_NAME = "$(TARGET_NAME)";
			};
			name = Debug;
		};
		7CDE5B731B579D2800FE0477 /* Release */ = {
			isa = XCBuildConfiguration;
			buildSettings = {
				ASSETCATALOG_COMPILER_APPICON_NAME = AppIcon;
				INFOPLIST_FILE = SUActionSheet/Info.plist;
				LD_RUNPATH_SEARCH_PATHS = "$(inherited) @executable_path/Frameworks";
				PRODUCT_BUNDLE_IDENTIFIER = com.supan.SUActionSheet;
				PRODUCT_NAME = "$(TARGET_NAME)";
			};
			name = Release;
		};
		7CDE5B751B579D2800FE0477 /* Debug */ = {
			isa = XCBuildConfiguration;
			buildSettings = {
				BUNDLE_LOADER = "$(TEST_HOST)";
				INFOPLIST_FILE = SUActionSheetTests/Info.plist;
				LD_RUNPATH_SEARCH_PATHS = "$(inherited) @executable_path/Frameworks @loader_path/Frameworks";
				PRODUCT_BUNDLE_IDENTIFIER = com.supan.SUActionSheetTests;
				PRODUCT_NAME = "$(TARGET_NAME)";
				TEST_HOST = "$(BUILT_PRODUCTS_DIR)/SUActionSheet.app/SUActionSheet";
			};
			name = Debug;
		};
		7CDE5B761B579D2800FE0477 /* Release */ = {
			isa = XCBuildConfiguration;
			buildSettings = {
				BUNDLE_LOADER = "$(TEST_HOST)";
				INFOPLIST_FILE = SUActionSheetTests/Info.plist;
				LD_RUNPATH_SEARCH_PATHS = "$(inherited) @executable_path/Frameworks @loader_path/Frameworks";
				PRODUCT_BUNDLE_IDENTIFIER = com.supan.SUActionSheetTests;
				PRODUCT_NAME = "$(TARGET_NAME)";
				TEST_HOST = "$(BUILT_PRODUCTS_DIR)/SUActionSheet.app/SUActionSheet";
			};
			name = Release;
		};
		7CDE5B781B579D2800FE0477 /* Debug */ = {
			isa = XCBuildConfiguration;
			buildSettings = {
				INFOPLIST_FILE = SUActionSheetUITests/Info.plist;
				LD_RUNPATH_SEARCH_PATHS = "$(inherited) @executable_path/Frameworks @loader_path/Frameworks";
				PRODUCT_BUNDLE_IDENTIFIER = com.supan.SUActionSheetUITests;
				PRODUCT_NAME = "$(TARGET_NAME)";
				TEST_TARGET_NAME = SUActionSheet;
				USES_XCTRUNNER = YES;
			};
			name = Debug;
		};
		7CDE5B791B579D2800FE0477 /* Release */ = {
			isa = XCBuildConfiguration;
			buildSettings = {
				INFOPLIST_FILE = SUActionSheetUITests/Info.plist;
				LD_RUNPATH_SEARCH_PATHS = "$(inherited) @executable_path/Frameworks @loader_path/Frameworks";
				PRODUCT_BUNDLE_IDENTIFIER = com.supan.SUActionSheetUITests;
				PRODUCT_NAME = "$(TARGET_NAME)";
				TEST_TARGET_NAME = SUActionSheet;
				USES_XCTRUNNER = YES;
			};
			name = Release;
		};
/* End XCBuildConfiguration section */

/* Begin XCConfigurationList section */
		7CDE5B3F1B579D2800FE0477 /* Build configuration list for PBXProject "SUActionSheet" */ = {
			isa = XCConfigurationList;
			buildConfigurations = (
				7CDE5B6F1B579D2800FE0477 /* Debug */,
				7CDE5B701B579D2800FE0477 /* Release */,
			);
			defaultConfigurationIsVisible = 0;
			defaultConfigurationName = Release;
		};
		7CDE5B711B579D2800FE0477 /* Build configuration list for PBXNativeTarget "SUActionSheet" */ = {
			isa = XCConfigurationList;
			buildConfigurations = (
				7CDE5B721B579D2800FE0477 /* Debug */,
				7CDE5B731B579D2800FE0477 /* Release */,
			);
			defaultConfigurationIsVisible = 0;
		};
		7CDE5B741B579D2800FE0477 /* Build configuration list for PBXNativeTarget "SUActionSheetTests" */ = {
			isa = XCConfigurationList;
			buildConfigurations = (
				7CDE5B751B579D2800FE0477 /* Debug */,
				7CDE5B761B579D2800FE0477 /* Release */,
			);
			defaultConfigurationIsVisible = 0;
		};
		7CDE5B771B579D2800FE0477 /* Build configuration list for PBXNativeTarget "SUActionSheetUITests" */ = {
			isa = XCConfigurationList;
			buildConfigurations = (
				7CDE5B781B579D2800FE0477 /* Debug */,
				7CDE5B791B579D2800FE0477 /* Release */,
			);
			defaultConfigurationIsVisible = 0;
		};
/* End XCConfigurationList section */
	};
	rootObject = 7CDE5B3C1B579D2800FE0477 /* Project object */;
}
